
Microsoft Visual Studio Solution File, Format Version 12.00
Project("{FAE04EC0-301F-11D3-BF4B-00C04F79EFBC}") = "aws-csharp", "./src/aws-csharp.csproj", "{D6B0D6F6-1C9F-46ED-B5A2-603FCF3EBE74}"
EndProject
Global
	GlobalSection(SolutionConfigurationPlatforms) = preSolution
		Debug|Any CPU = Debug|Any CPU
		Release|Any CPU = Release|Any CPU
	EndGlobalSection
	GlobalSection(ProjectConfigurationPlatforms) = postSolution
		{D6B0D6F6-1C9F-46ED-B5A2-603FCF3EBE74}.Debug|Any CPU.ActiveCfg = Debug|Any CPU
		{D6B0D6F6-1C9F-46ED-B5A2-603FCF3EBE74}.Debug|Any CPU.Build.0 = Debug|Any CPU
		{D6B0D6F6-1C9F-46ED-B5A2-603FCF3EBE74}.Release|Any CPU.ActiveCfg = Release|Any CPU
		{D6B0D6F6-1C9F-46ED-B5A2-603FCF3EBE74}.Release|Any CPU.Build.0 = Release|Any CPU
	EndGlobalSection
EndGlobal
